
Microsoft Visual Studio Solution File, Format Version 12.00
# Visual Studio Version 16
VisualStudioVersion = 16.0.30804.86
MinimumVisualStudioVersion = 10.0.40219.1
Project("{9A19103F-16F7-4668-BE54-9A1E7A4F7556}") = "EuromonitorInternational", "EuromonitorInternational\EuromonitorInternational.csproj", "{F33C9974-E2EF-4304-8CDC-F0F4799B022E}"
EndProject
Global
	GlobalSection(SolutionConfigurationPlatforms) = preSolution
		Debug|Any CPU = Debug|Any CPU
		Release|Any CPU = Release|Any CPU
	EndGlobalSection
	GlobalSection(ProjectConfigurationPlatforms) = postSolution
		{F33C9974-E2EF-4304-8CDC-F0F4799B022E}.Debug|Any CPU.ActiveCfg = Debug|Any CPU
		{F33C9974-E2EF-4304-8CDC-F0F4799B022E}.Debug|Any CPU.Build.0 = Debug|Any CPU
		{F33C9974-E2EF-4304-8CDC-F0F4799B022E}.Release|Any CPU.ActiveCfg = Release|Any CPU
		{F33C9974-E2EF-4304-8CDC-F0F4799B022E}.Release|Any CPU.Build.0 = Release|Any CPU
	EndGlobalSection
	GlobalSection(SolutionProperties) = preSolution
		HideSolutionNode = FALSE
	EndGlobalSection
	GlobalSection(ExtensibilityGlobals) = postSolution
		SolutionGuid = {A5F6B27D-A0CC-4A95-BF43-69F75B00FD6A}
	EndGlobalSection
EndGlobal
